# This file is generated by running "yarn install" inside your project.
# Manual changes might be lost - proceed with caution!

__metadata:
  version: 6
  cacheKey: 8

"@prettier/plugin-ruby@npm:^3.2.2":
  version: 3.2.2
  resolution: "@prettier/plugin-ruby@npm:3.2.2"
  dependencies:
    prettier: ">=2.3.0"
  checksum: b77de48e580bc6cc1414681f1705ba89d804650cce3f384777e41c5aada9bb5d86df70d27e108412b3ecde626b8f618377b88b259f57f8117c82a15ebdc59936
  languageName: node
  linkType: hard

"jivemed@workspace:.":
  version: 0.0.0-use.local
  resolution: "jivemed@workspace:."
  dependencies:
    "@prettier/plugin-ruby": ^3.2.2
    prettier: 2.2.1
    prettier-plugin-erb: ^0.4.0
  languageName: unknown
  linkType: soft

"prettier-html-templates@npm:^0.1.0":
  version: 0.1.0
  resolution: "prettier-html-templates@npm:0.1.0"
  peerDependencies:
    prettier: ^2.0.0
  checksum: 4bb562859154a8e0a35b0142d5093c06b4a2a1cd5e938869f0406cafedb31a2b982ecabd30bfa399be12419a26430a7d8902e187b767ece62c52f668396a2060
  languageName: node
  linkType: hard

"prettier-plugin-erb@npm:^0.4.0":
  version: 0.4.0
  resolution: "prettier-plugin-erb@npm:0.4.0"
  dependencies:
    prettier-html-templates: ^0.1.0
  peerDependencies:
    "@prettier/plugin-ruby": ^1.0.0
    prettier: ">=2.0.0 <2.3"
  checksum: bf31ffd3293d75378874e5cfcb52933137fbda0bced3fcd9f595ef68f1c145e80c77f587b876610872a0f3ddd5f24f839831a33e0f6c4c06a24bd9bf8f023ed9
  languageName: node
  linkType: hard

"prettier@npm:2.2.1":
  version: 2.2.1
  resolution: "prettier@npm:2.2.1"
  bin:
    prettier: bin-prettier.js
  checksum: 800de2df3d37067ab24478c7f32c60ca0c57b01742133287829feeb4a70d239a7bf6bccb56196784777af591ad80fb9ba70c1a49b0fcecf9f5622a764d513edb
  languageName: node
  linkType: hard

"prettier@npm:>=2.3.0":
  version: 2.7.1
  resolution: "prettier@npm:2.7.1"
  bin:
    prettier: bin-prettier.js
  checksum: 55a4409182260866ab31284d929b3cb961e5fdb91fe0d2e099dac92eaecec890f36e524b4c19e6ceae839c99c6d7195817579cdffc8e2c80da0cb794463a748b
  languageName: node
  linkType: hard
